
Microsoft Visual Studio Solution File, Format Version 12.00
# Visual Studio Version 17
VisualStudioVersion = 17.6.33801.468
MinimumVisualStudioVersion = 10.0.40219.1
Project("{9A19103F-16F7-4668-BE54-9A1E7A4F7556}") = "BlazorFirstTest", "BlazorFirstTest.csproj", "{A3468688-AE46-4B71-970A-BBAA634FE711}"
EndProject
Project("{FAE04EC0-301F-11D3-BF4B-00C04F79EFBC}") = "BethanysPieShopHRM.Shared", "..\PieShop.Shared\BethanysPieShopHRM.Shared.csproj", "{E264D43B-FE92-4CE5-A840-13FA184FCDE3}"
EndProject
Global
	GlobalSection(SolutionConfigurationPlatforms) = preSolution
		Debug|Any CPU = Debug|Any CPU
		Release|Any CPU = Release|Any CPU
	EndGlobalSection
	GlobalSection(ProjectConfigurationPlatforms) = postSolution
		{A3468688-AE46-4B71-970A-BBAA634FE711}.Debug|Any CPU.ActiveCfg = Debug|Any CPU
		{A3468688-AE46-4B71-970A-BBAA634FE711}.Debug|Any CPU.Build.0 = Debug|Any CPU
		{A3468688-AE46-4B71-970A-BBAA634FE711}.Release|Any CPU.ActiveCfg = Release|Any CPU
		{A3468688-AE46-4B71-970A-BBAA634FE711}.Release|Any CPU.Build.0 = Release|Any CPU
		{E264D43B-FE92-4CE5-A840-13FA184FCDE3}.Debug|Any CPU.ActiveCfg = Debug|Any CPU
		{E264D43B-FE92-4CE5-A840-13FA184FCDE3}.Debug|Any CPU.Build.0 = Debug|Any CPU
		{E264D43B-FE92-4CE5-A840-13FA184FCDE3}.Release|Any CPU.ActiveCfg = Release|Any CPU
		{E264D43B-FE92-4CE5-A840-13FA184FCDE3}.Release|Any CPU.Build.0 = Release|Any CPU
	EndGlobalSection
	GlobalSection(SolutionProperties) = preSolution
		HideSolutionNode = FALSE
	EndGlobalSection
	GlobalSection(ExtensibilityGlobals) = postSolution
		SolutionGuid = {C9657C12-6DEC-4C27-8A14-C2E1A7DBB92C}
	EndGlobalSection
EndGlobal
